{
  "nodes": {
    "envfs": {
      "inputs": {
        "flake-parts": "flake-parts",
        "nixpkgs": [
          "nixpkgs"
        ],
        "treefmt-nix": "treefmt-nix"
      },
      "locked": {
        "lastModified": 1742976112,
        "narHash": "sha256-bpATdm/lB+zomPYGCxA7omWK/SKPIaqr94J+fjMaXfE=",
        "owner": "Mic92",
        "repo": "envfs",
        "rev": "1c97e03d8dd2588c84153daa36d9aedd32b8464f",
        "type": "github"
      },
      "original": {
        "owner": "Mic92",
        "repo": "envfs",
        "type": "github"
      }
    },
    "flake-parts": {
      "inputs": {
        "nixpkgs-lib": [
          "envfs",
          "nixpkgs"
        ]
      },
      "locked": {
        "lastModified": 1709336216,
        "narHash": "sha256-Dt/wOWeW6Sqm11Yh+2+t0dfEWxoMxGBvv3JpIocFl9E=",
        "owner": "hercules-ci",
        "repo": "flake-parts",
        "rev": "f7b3c975cf067e56e7cda6cb098ebe3fb4d74ca2",
        "type": "github"
      },
      "original": {
        "owner": "hercules-ci",
        "repo": "flake-parts",
        "type": "github"
      }
    },
    "nixpkgs": {
      "locked": {
        "lastModified": 1743095683,
        "narHash": "sha256-gWd4urRoLRe8GLVC/3rYRae1h+xfQzt09xOfb0PaHSk=",
        "owner": "nixos",
        "repo": "nixpkgs",
        "rev": "5e5402ecbcb27af32284d4a62553c019a3a49ea6",
        "type": "github"
      },
      "original": {
        "owner": "nixos",
        "ref": "nixos-unstable",
        "repo": "nixpkgs",
        "type": "github"
      }
    },
    "nixpkgs-stable": {
      "locked": {
        "lastModified": 1743328981,
        "narHash": "sha256-d/3nyuxPKBqBJgkrwixiGdvxOTwk8X/rqdaz6NEu52I=",
        "owner": "NixOS",
        "repo": "nixpkgs",
        "rev": "f70db03e6947ec4980dd2d1e6b54121c671e05a5",
        "type": "github"
      },
      "original": {
        "owner": "NixOS",
        "ref": "release-24.11",
        "repo": "nixpkgs",
        "type": "github"
      }
    },
    "root": {
      "inputs": {
        "envfs": "envfs",
        "nixpkgs": "nixpkgs",
        "nixpkgs-stable": "nixpkgs-stable",
        "sops-nix": "sops-nix"
      }
    },
    "sops-nix": {
      "inputs": {
        "nixpkgs": [
          "nixpkgs"
        ]
      },
      "locked": {
        "lastModified": 1743305778,
        "narHash": "sha256-Ux/UohNtnM5mn9SFjaHp6IZe2aAnUCzklMluNtV6zFo=",
        "owner": "Mic92",
        "repo": "sops-nix",
        "rev": "8e873886bbfc32163fe027b8676c75637b7da114",
        "type": "github"
      },
      "original": {
        "owner": "Mic92",
        "repo": "sops-nix",
        "type": "github"
      }
    },
    "treefmt-nix": {
      "inputs": {
        "nixpkgs": [
          "envfs",
          "nixpkgs"
        ]
      },
      "locked": {
        "lastModified": 1710781103,
        "narHash": "sha256-nehQK/XTFxfa6rYKtbi8M1w+IU1v5twYhiyA4dg1vpg=",
        "owner": "numtide",
        "repo": "treefmt-nix",
        "rev": "7ee5aaac63c30d3c97a8c56efe89f3b2aa9ae564",
        "type": "github"
      },
      "original": {
        "owner": "numtide",
        "repo": "treefmt-nix",
        "type": "github"
      }
    }
  },
  "root": "root",
  "version": 7
}
